
Microsoft Visual Studio Solution File, Format Version 11.00
# Visual Studio 2010
Project("{FAE04EC0-301F-11D3-BF4B-00C04F79EFBC}") = "mpayments-paymentapi-xamarin-test", "mpayments-paymentapi-xamarin-test\mpayments-paymentapi-xamarin-test.csproj", "{B58C8121-650A-44C6-9840-AD5BCA4912C9}"
EndProject
Global
	GlobalSection(SolutionConfigurationPlatforms) = preSolution
		Debug|Any CPU = Debug|Any CPU
		Release|Any CPU = Release|Any CPU
	EndGlobalSection
	GlobalSection(ProjectConfigurationPlatforms) = postSolution
		{B58C8121-650A-44C6-9840-AD5BCA4912C9}.Debug|Any CPU.ActiveCfg = Debug|Any CPU
		{B58C8121-650A-44C6-9840-AD5BCA4912C9}.Debug|Any CPU.Build.0 = Debug|Any CPU
		{B58C8121-650A-44C6-9840-AD5BCA4912C9}.Release|Any CPU.ActiveCfg = Release|Any CPU
		{B58C8121-650A-44C6-9840-AD5BCA4912C9}.Release|Any CPU.Build.0 = Release|Any CPU
	EndGlobalSection
	GlobalSection(MonoDevelopProperties) = preSolution
		StartupItem = mpayments-paymentapi-xamarin-test\mpayments-paymentapi-xamarin-test.csproj
	EndGlobalSection
EndGlobal
